
Microsoft Visual Studio Solution File, Format Version 12.00
# Visual Studio Version 16
VisualStudioVersion = 16.0.29728.190
MinimumVisualStudioVersion = 10.0.40219.1
Project("{8BC9CEB8-8B4A-11D0-8D11-00A0C91BC942}") = "MlDll", "MlDll\MlDll.vcxproj", "{8F44F30F-5572-4491-840D-6A2BAFC4F4E8}"
EndProject
Project("{8BC9CEB8-8B4A-11D0-8D11-00A0C91BC942}") = "TestMLDLL", "TestMLDLL\TestMLDLL.vcxproj", "{133E8B4B-27B4-4DEA-9D48-5F191E8BE6AE}"
EndProject
Global
	GlobalSection(SolutionConfigurationPlatforms) = preSolution
		Debug|x64 = Debug|x64
		Debug|x86 = Debug|x86
		Release|x64 = Release|x64
		Release|x86 = Release|x86
	EndGlobalSection
	GlobalSection(ProjectConfigurationPlatforms) = postSolution
		{8F44F30F-5572-4491-840D-6A2BAFC4F4E8}.Debug|x64.ActiveCfg = Debug|x64
		{8F44F30F-5572-4491-840D-6A2BAFC4F4E8}.Debug|x64.Build.0 = Debug|x64
		{8F44F30F-5572-4491-840D-6A2BAFC4F4E8}.Debug|x86.ActiveCfg = Debug|Win32
		{8F44F30F-5572-4491-840D-6A2BAFC4F4E8}.Debug|x86.Build.0 = Debug|Win32
		{8F44F30F-5572-4491-840D-6A2BAFC4F4E8}.Release|x64.ActiveCfg = Release|x64
		{8F44F30F-5572-4491-840D-6A2BAFC4F4E8}.Release|x64.Build.0 = Release|x64
		{8F44F30F-5572-4491-840D-6A2BAFC4F4E8}.Release|x86.ActiveCfg = Release|Win32
		{8F44F30F-5572-4491-840D-6A2BAFC4F4E8}.Release|x86.Build.0 = Release|Win32
		{133E8B4B-27B4-4DEA-9D48-5F191E8BE6AE}.Debug|x64.ActiveCfg = Debug|x64
		{133E8B4B-27B4-4DEA-9D48-5F191E8BE6AE}.Debug|x64.Build.0 = Debug|x64
		{133E8B4B-27B4-4DEA-9D48-5F191E8BE6AE}.Debug|x86.ActiveCfg = Debug|Win32
		{133E8B4B-27B4-4DEA-9D48-5F191E8BE6AE}.Debug|x86.Build.0 = Debug|Win32
		{133E8B4B-27B4-4DEA-9D48-5F191E8BE6AE}.Release|x64.ActiveCfg = Release|x64
		{133E8B4B-27B4-4DEA-9D48-5F191E8BE6AE}.Release|x64.Build.0 = Release|x64
		{133E8B4B-27B4-4DEA-9D48-5F191E8BE6AE}.Release|x86.ActiveCfg = Release|Win32
		{133E8B4B-27B4-4DEA-9D48-5F191E8BE6AE}.Release|x86.Build.0 = Release|Win32
	EndGlobalSection
	GlobalSection(SolutionProperties) = preSolution
		HideSolutionNode = FALSE
	EndGlobalSection
	GlobalSection(ExtensibilityGlobals) = postSolution
		SolutionGuid = {AF92BBF2-C96F-4CC4-97F1-EBACE2EEF827}
	EndGlobalSection
EndGlobal
